// !$*UTF8*$!
{
	archiveVersion = 1;
	classes = {
	};
	objectVersion = 50;
	objects = {

/* Begin PBXBuildFile section */
		607E9E7B23773B2900CA097A /* FestaViewController.swift in Sources */ = {isa = PBXBuildFile; fileRef = 607E9E7A23773B2900CA097A /* FestaViewController.swift */; };
		607E9E7D2377487900CA097A /* Celula.swift in Sources */ = {isa = PBXBuildFile; fileRef = 607E9E7C2377487900CA097A /* Celula.swift */; };
		60FFD13E2364BB7F00EF0DCA /* AppDelegate.swift in Sources */ = {isa = PBXBuildFile; fileRef = 60FFD13D2364BB7F00EF0DCA /* AppDelegate.swift */; };
		60FFD1402364BB7F00EF0DCA /* SceneDelegate.swift in Sources */ = {isa = PBXBuildFile; fileRef = 60FFD13F2364BB7F00EF0DCA /* SceneDelegate.swift */; };
		60FFD1422364BB7F00EF0DCA /* ViewController.swift in Sources */ = {isa = PBXBuildFile; fileRef = 60FFD1412364BB7F00EF0DCA /* ViewController.swift */; };
		60FFD1452364BB7F00EF0DCA /* Main.storyboard in Resources */ = {isa = PBXBuildFile; fileRef = 60FFD1432364BB7F00EF0DCA /* Main.storyboard */; };
		60FFD1472364BB8100EF0DCA /* Assets.xcassets in Resources */ = {isa = PBXBuildFile; fileRef = 60FFD1462364BB8100EF0DCA /* Assets.xcassets */; };
		60FFD14A2364BB8100EF0DCA /* LaunchScreen.storyboard in Resources */ = {isa = PBXBuildFile; fileRef = 60FFD1482364BB8100EF0DCA /* LaunchScreen.storyboard */; };
/* End PBXBuildFile section */

/* Begin PBXFileReference section */
		607E9E7A23773B2900CA097A /* FestaViewController.swift */ = {isa = PBXFileReference; lastKnownFileType = sourcecode.swift; path = FestaViewController.swift; sourceTree = "<group>"; };
		607E9E7C2377487900CA097A /* Celula.swift */ = {isa = PBXFileReference; lastKnownFileType = sourcecode.swift; path = Celula.swift; sourceTree = "<group>"; };
		60FFD13A2364BB7F00EF0DCA /* ezlist.app */ = {isa = PBXFileReference; explicitFileType = wrapper.application; includeInIndex = 0; path = ezlist.app; sourceTree = BUILT_PRODUCTS_DIR; };
		60FFD13D2364BB7F00EF0DCA /* AppDelegate.swift */ = {isa = PBXFileReference; lastKnownFileType = sourcecode.swift; path = AppDelegate.swift; sourceTree = "<group>"; };
		60FFD13F2364BB7F00EF0DCA /* SceneDelegate.swift */ = {isa = PBXFileReference; lastKnownFileType = sourcecode.swift; path = SceneDelegate.swift; sourceTree = "<group>"; };
		60FFD1412364BB7F00EF0DCA /* ViewController.swift */ = {isa = PBXFileReference; lastKnownFileType = sourcecode.swift; path = ViewController.swift; sourceTree = "<group>"; };
		60FFD1442364BB7F00EF0DCA /* Base */ = {isa = PBXFileReference; lastKnownFileType = file.storyboard; name = Base; path = Base.lproj/Main.storyboard; sourceTree = "<group>"; };
		60FFD1462364BB8100EF0DCA /* Assets.xcassets */ = {isa = PBXFileReference; lastKnownFileType = folder.assetcatalog; path = Assets.xcassets; sourceTree = "<group>"; };
		60FFD1492364BB8100EF0DCA /* Base */ = {isa = PBXFileReference; lastKnownFileType = file.storyboard; name = Base; path = Base.lproj/LaunchScreen.storyboard; sourceTree = "<group>"; };
		60FFD14B2364BB8100EF0DCA /* Info.plist */ = {isa = PBXFileReference; lastKnownFileType = text.plist.xml; path = Info.plist; sourceTree = "<group>"; };
/* End PBXFileReference section */

/* Begin PBXFrameworksBuildPhase section */
		60FFD1372364BB7F00EF0DCA /* Frameworks */ = {
			isa = PBXFrameworksBuildPhase;
			buildActionMask = 2147483647;
			files = (
			);
			runOnlyForDeploymentPostprocessing = 0;
		};
/* End PBXFrameworksBuildPhase section */

/* Begin PBXGroup section */
		60FFD1312364BB7F00EF0DCA = {
			isa = PBXGroup;
			children = (
				60FFD13C2364BB7F00EF0DCA /* ezlist */,
				60FFD13B2364BB7F00EF0DCA /* Products */,
			);
			sourceTree = "<group>";
		};
		60FFD13B2364BB7F00EF0DCA /* Products */ = {
			isa = PBXGroup;
			children = (
				60FFD13A2364BB7F00EF0DCA /* ezlist.app */,
			);
			name = Products;
			sourceTree = "<group>";
		};
		60FFD13C2364BB7F00EF0DCA /* ezlist */ = {
			isa = PBXGroup;
			children = (
				60FFD13D2364BB7F00EF0DCA /* AppDelegate.swift */,
				60FFD13F2364BB7F00EF0DCA /* SceneDelegate.swift */,
				60FFD1412364BB7F00EF0DCA /* ViewController.swift */,
				60FFD1432364BB7F00EF0DCA /* Main.storyboard */,
				60FFD1462364BB8100EF0DCA /* Assets.xcassets */,
				60FFD1482364BB8100EF0DCA /* LaunchScreen.storyboard */,
				60FFD14B2364BB8100EF0DCA /* Info.plist */,
				607E9E7A23773B2900CA097A /* FestaViewController.swift */,
				607E9E7C2377487900CA097A /* Celula.swift */,
			);
			path = ezlist;
			sourceTree = "<group>";
		};
/* End PBXGroup section */

/* Begin PBXNativeTarget section */
		60FFD1392364BB7F00EF0DCA /* ezlist */ = {
			isa = PBXNativeTarget;
			buildConfigurationList = 60FFD14E2364BB8100EF0DCA /* Build configuration list for PBXNativeTarget "ezlist" */;
			buildPhases = (
				60FFD1362364BB7F00EF0DCA /* Sources */,
				60FFD1372364BB7F00EF0DCA /* Frameworks */,
				60FFD1382364BB7F00EF0DCA /* Resources */,
			);
			buildRules = (
			);
			dependencies = (
			);
			name = ezlist;
			productName = ezlist;
			productReference = 60FFD13A2364BB7F00EF0DCA /* ezlist.app */;
			productType = "com.apple.product-type.application";
		};
/* End PBXNativeTarget section */

/* Begin PBXProject section */
		60FFD1322364BB7F00EF0DCA /* Project object */ = {
			isa = PBXProject;
			attributes = {
				LastSwiftUpdateCheck = 1110;
				LastUpgradeCheck = 1110;
				ORGANIZATIONNAME = "Apple Developer Academy";
				TargetAttributes = {
					60FFD1392364BB7F00EF0DCA = {
						CreatedOnToolsVersion = 11.1;
					};
				};
			};
			buildConfigurationList = 60FFD1352364BB7F00EF0DCA /* Build configuration list for PBXProject "ezlist" */;
			compatibilityVersion = "Xcode 9.3";
			developmentRegion = en;
			hasScannedForEncodings = 0;
			knownRegions = (
				en,
				Base,
			);
			mainGroup = 60FFD1312364BB7F00EF0DCA;
			productRefGroup = 60FFD13B2364BB7F00EF0DCA /* Products */;
			projectDirPath = "";
			projectRoot = "";
			targets = (
				60FFD1392364BB7F00EF0DCA /* ezlist */,
			);
		};
/* End PBXProject section */

/* Begin PBXResourcesBuildPhase section */
		60FFD1382364BB7F00EF0DCA /* Resources */ = {
			isa = PBXResourcesBuildPhase;
			buildActionMask = 2147483647;
			files = (
				60FFD14A2364BB8100EF0DCA /* LaunchScreen.storyboard in Resources */,
				60FFD1472364BB8100EF0DCA /* Assets.xcassets in Resources */,
				60FFD1452364BB7F00EF0DCA /* Main.storyboard in Resources */,
			);
			runOnlyForDeploymentPostprocessing = 0;
		};
/* End PBXResourcesBuildPhase section */

/* Begin PBXSourcesBuildPhase section */
		60FFD1362364BB7F00EF0DCA /* Sources */ = {
			isa = PBXSourcesBuildPhase;
			buildActionMask = 2147483647;
			files = (
				60FFD1422364BB7F00EF0DCA /* ViewController.swift in Sources */,
				60FFD13E2364BB7F00EF0DCA /* AppDelegate.swift in Sources */,
				607E9E7D2377487900CA097A /* Celula.swift in Sources */,
				607E9E7B23773B2900CA097A /* FestaViewController.swift in Sources */,
				60FFD1402364BB7F00EF0DCA /* SceneDelegate.swift in Sources */,
			);
			runOnlyForDeploymentPostprocessing = 0;
		};
/* End PBXSourcesBuildPhase section */

/* Begin PBXVariantGroup section */
		60FFD1432364BB7F00EF0DCA /* Main.storyboard */ = {
			isa = PBXVariantGroup;
			children = (
				60FFD1442364BB7F00EF0DCA /* Base */,
			);
			name = Main.storyboard;
			sourceTree = "<group>";
		};
		60FFD1482364BB8100EF0DCA /* LaunchScreen.storyboard */ = {
			isa = PBXVariantGroup;
			children = (
				60FFD1492364BB8100EF0DCA /* Base */,
			);
			name = LaunchScreen.storyboard;
			sourceTree = "<group>";
		};
/* End PBXVariantGroup section */

/* Begin XCBuildConfiguration section */
		60FFD14C2364BB8100EF0DCA /* Debug */ = {
			isa = XCBuildConfiguration;
			buildSettings = {
				ALWAYS_SEARCH_USER_PATHS = NO;
				CLANG_ANALYZER_NONNULL = YES;
				CLANG_ANALYZER_NUMBER_OBJECT_CONVERSION = YES_AGGRESSIVE;
				CLANG_CXX_LANGUAGE_STANDARD = "gnu++14";
				CLANG_CXX_LIBRARY = "libc++";
				CLANG_ENABLE_MODULES = YES;
				CLANG_ENABLE_OBJC_ARC = YES;
				CLANG_ENABLE_OBJC_WEAK = YES;
				CLANG_WARN_BLOCK_CAPTURE_AUTORELEASING = YES;
				CLANG_WARN_BOOL_CONVERSION = YES;
				CLANG_WARN_COMMA = YES;
				CLANG_WARN_CONSTANT_CONVERSION = YES;
				CLANG_WARN_DEPRECATED_OBJC_IMPLEMENTATIONS = YES;
				CLANG_WARN_DIRECT_OBJC_ISA_USAGE = YES_ERROR;
				CLANG_WARN_DOCUMENTATION_COMMENTS = YES;
				CLANG_WARN_EMPTY_BODY = YES;
				CLANG_WARN_ENUM_CONVERSION = YES;
				CLANG_WARN_INFINITE_RECURSION = YES;
				CLANG_WARN_INT_CONVERSION = YES;
				CLANG_WARN_NON_LITERAL_NULL_CONVERSION = YES;
				CLANG_WARN_OBJC_IMPLICIT_RETAIN_SELF = YES;
				CLANG_WARN_OBJC_LITERAL_CONVERSION = YES;
				CLANG_WARN_OBJC_ROOT_CLASS = YES_ERROR;
				CLANG_WARN_RANGE_LOOP_ANALYSIS = YES;
				CLANG_WARN_STRICT_PROTOTYPES = YES;
				CLANG_WARN_SUSPICIOUS_MOVE = YES;
				CLANG_WARN_UNGUARDED_AVAILABILITY = YES_AGGRESSIVE;
				CLANG_WARN_UNREACHABLE_CODE = YES;
				CLANG_WARN__DUPLICATE_METHOD_MATCH = YES;
				COPY_PHASE_STRIP = NO;
				DEBUG_INFORMATION_FORMAT = dwarf;
				ENABLE_STRICT_OBJC_MSGSEND = YES;
				ENABLE_TESTABILITY = YES;
				GCC_C_LANGUAGE_STANDARD = gnu11;
				GCC_DYNAMIC_NO_PIC = NO;
				GCC_NO_COMMON_BLOCKS = YES;
				GCC_OPTIMIZATION_LEVEL = 0;
				GCC_PREPROCESSOR_DEFINITIONS = (
					"DEBUG=1",
					"$(inherited)",
				);
				GCC_WARN_64_TO_32_BIT_CONVERSION = YES;
				GCC_WARN_ABOUT_RETURN_TYPE = YES_ERROR;
				GCC_WARN_UNDECLARED_SELECTOR = YES;
				GCC_WARN_UNINITIALIZED_AUTOS = YES_AGGRESSIVE;
				GCC_WARN_UNUSED_FUNCTION = YES;
				GCC_WARN_UNUSED_VARIABLE = YES;
				IPHONEOS_DEPLOYMENT_TARGET = 13.1;
				MTL_ENABLE_DEBUG_INFO = INCLUDE_SOURCE;
				MTL_FAST_MATH = YES;
				ONLY_ACTIVE_ARCH = YES;
				SDKROOT = iphoneos;
				SWIFT_ACTIVE_COMPILATION_CONDITIONS = DEBUG;
				SWIFT_OPTIMIZATION_LEVEL = "-Onone";
			};
			name = Debug;
		};
		60FFD14D2364BB8100EF0DCA /* Release */ = {
			isa = XCBuildConfiguration;
			buildSettings = {
				ALWAYS_SEARCH_USER_PATHS = NO;
				CLANG_ANALYZER_NONNULL = YES;
				CLANG_ANALYZER_NUMBER_OBJECT_CONVERSION = YES_AGGRESSIVE;
				CLANG_CXX_LANGUAGE_STANDARD = "gnu++14";
				CLANG_CXX_LIBRARY = "libc++";
				CLANG_ENABLE_MODULES = YES;
				CLANG_ENABLE_OBJC_ARC = YES;
				CLANG_ENABLE_OBJC_WEAK = YES;
				CLANG_WARN_BLOCK_CAPTURE_AUTORELEASING = YES;
				CLANG_WARN_BOOL_CONVERSION = YES;
				CLANG_WARN_COMMA = YES;
				CLANG_WARN_CONSTANT_CONVERSION = YES;
				CLANG_WARN_DEPRECATED_OBJC_IMPLEMENTATIONS = YES;
				CLANG_WARN_DIRECT_OBJC_ISA_USAGE = YES_ERROR;
				CLANG_WARN_DOCUMENTATION_COMMENTS = YES;
				CLANG_WARN_EMPTY_BODY = YES;
				CLANG_WARN_ENUM_CONVERSION = YES;
				CLANG_WARN_INFINITE_RECURSION = YES;
				CLANG_WARN_INT_CONVERSION = YES;
				CLANG_WARN_NON_LITERAL_NULL_CONVERSION = YES;
				CLANG_WARN_OBJC_IMPLICIT_RETAIN_SELF = YES;
				CLANG_WARN_OBJC_LITERAL_CONVERSION = YES;
				CLANG_WARN_OBJC_ROOT_CLASS = YES_ERROR;
				CLANG_WARN_RANGE_LOOP_ANALYSIS = YES;
				CLANG_WARN_STRICT_PROTOTYPES = YES;
				CLANG_WARN_SUSPICIOUS_MOVE = YES;
				CLANG_WARN_UNGUARDED_AVAILABILITY = YES_AGGRESSIVE;
				CLANG_WARN_UNREACHABLE_CODE = YES;
				CLANG_WARN__DUPLICATE_METHOD_MATCH = YES;
				COPY_PHASE_STRIP = NO;
				DEBUG_INFORMATION_FORMAT = "dwarf-with-dsym";
				ENABLE_NS_ASSERTIONS = NO;
				ENABLE_STRICT_OBJC_MSGSEND = YES;
				GCC_C_LANGUAGE_STANDARD = gnu11;
				GCC_NO_COMMON_BLOCKS = YES;
				GCC_WARN_64_TO_32_BIT_CONVERSION = YES;
				GCC_WARN_ABOUT_RETURN_TYPE = YES_ERROR;
				GCC_WARN_UNDECLARED_SELECTOR = YES;
				GCC_WARN_UNINITIALIZED_AUTOS = YES_AGGRESSIVE;
				GCC_WARN_UNUSED_FUNCTION = YES;
				GCC_WARN_UNUSED_VARIABLE = YES;
				IPHONEOS_DEPLOYMENT_TARGET = 13.1;
				MTL_ENABLE_DEBUG_INFO = NO;
				MTL_FAST_MATH = YES;
				SDKROOT = iphoneos;
				SWIFT_COMPILATION_MODE = wholemodule;
				SWIFT_OPTIMIZATION_LEVEL = "-O";
				VALIDATE_PRODUCT = YES;
			};
			name = Release;
		};
		60FFD14F2364BB8100EF0DCA /* Debug */ = {
			isa = XCBuildConfiguration;
			buildSettings = {
				ASSETCATALOG_COMPILER_APPICON_NAME = AppIcon;
				CODE_SIGN_STYLE = Automatic;
				INFOPLIST_FILE = ezlist/Info.plist;
				LD_RUNPATH_SEARCH_PATHS = (
					"$(inherited)",
					"@executable_path/Frameworks",
				);
				PRODUCT_BUNDLE_IDENTIFIER = listez.ezlist;
				PRODUCT_NAME = "$(TARGET_NAME)";
				SWIFT_VERSION = 5.0;
				TARGETED_DEVICE_FAMILY = "1,2";
			};
			name = Debug;
		};
		60FFD1502364BB8100EF0DCA /* Release */ = {
			isa = XCBuildConfiguration;
			buildSettings = {
				ASSETCATALOG_COMPILER_APPICON_NAME = AppIcon;
				CODE_SIGN_STYLE = Automatic;
				INFOPLIST_FILE = ezlist/Info.plist;
				LD_RUNPATH_SEARCH_PATHS = (
					"$(inherited)",
					"@executable_path/Frameworks",
				);
				PRODUCT_BUNDLE_IDENTIFIER = listez.ezlist;
				PRODUCT_NAME = "$(TARGET_NAME)";
				SWIFT_VERSION = 5.0;
				TARGETED_DEVICE_FAMILY = "1,2";
			};
			name = Release;
		};
/* End XCBuildConfiguration section */

/* Begin XCConfigurationList section */
		60FFD1352364BB7F00EF0DCA /* Build configuration list for PBXProject "ezlist" */ = {
			isa = XCConfigurationList;
			buildConfigurations = (
				60FFD14C2364BB8100EF0DCA /* Debug */,
				60FFD14D2364BB8100EF0DCA /* Release */,
			);
			defaultConfigurationIsVisible = 0;
			defaultConfigurationName = Release;
		};
		60FFD14E2364BB8100EF0DCA /* Build configuration list for PBXNativeTarget "ezlist" */ = {
			isa = XCConfigurationList;
			buildConfigurations = (
				60FFD14F2364BB8100EF0DCA /* Debug */,
				60FFD1502364BB8100EF0DCA /* Release */,
			);
			defaultConfigurationIsVisible = 0;
			defaultConfigurationName = Release;
		};
/* End XCConfigurationList section */
	};
	rootObject = 60FFD1322364BB7F00EF0DCA /* Project object */;
}
